
Microsoft Visual Studio Solution File, Format Version 12.00
# Visual Studio 2012
Project("{FAE04EC0-301F-11D3-BF4B-00C04F79EFBC}") = "knightsTour", "knightsTour\knightsTour.csproj", "{7AAF0CA1-2148-4695-829D-E52ACA8A1CA9}"
EndProject
Global
	GlobalSection(SolutionConfigurationPlatforms) = preSolution
		Debug|Any CPU = Debug|Any CPU
		Release|Any CPU = Release|Any CPU
	EndGlobalSection
	GlobalSection(ProjectConfigurationPlatforms) = postSolution
		{7AAF0CA1-2148-4695-829D-E52ACA8A1CA9}.Debug|Any CPU.ActiveCfg = Debug|Any CPU
		{7AAF0CA1-2148-4695-829D-E52ACA8A1CA9}.Debug|Any CPU.Build.0 = Debug|Any CPU
		{7AAF0CA1-2148-4695-829D-E52ACA8A1CA9}.Release|Any CPU.ActiveCfg = Release|Any CPU
		{7AAF0CA1-2148-4695-829D-E52ACA8A1CA9}.Release|Any CPU.Build.0 = Release|Any CPU
	EndGlobalSection
EndGlobal
